
Microsoft Visual Studio Solution File, Format Version 12.00
# Visual Studio Version 17
VisualStudioVersion = 17.13.35825.156 d17.13
MinimumVisualStudioVersion = 10.0.40219.1
Project("{FAE04EC0-301F-11D3-BF4B-00C04F79EFBC}") = "Scenario 1", "Scenario 1.csproj", "{9A96801B-F117-4483-B9D2-9C01AE83BF04}"
EndProject
Project("{FAE04EC0-301F-11D3-BF4B-00C04F79EFBC}") = "Scenario 2", "..\Scenario 2\Scenario 2.csproj", "{9268BADF-54C8-46E0-9C0E-8987DB152939}"
EndProject
Global
	GlobalSection(SolutionConfigurationPlatforms) = preSolution
		Debug|Any CPU = Debug|Any CPU
		Release|Any CPU = Release|Any CPU
	EndGlobalSection
	GlobalSection(ProjectConfigurationPlatforms) = postSolution
		{9A96801B-F117-4483-B9D2-9C01AE83BF04}.Debug|Any CPU.ActiveCfg = Debug|Any CPU
		{9A96801B-F117-4483-B9D2-9C01AE83BF04}.Debug|Any CPU.Build.0 = Debug|Any CPU
		{9A96801B-F117-4483-B9D2-9C01AE83BF04}.Release|Any CPU.ActiveCfg = Release|Any CPU
		{9A96801B-F117-4483-B9D2-9C01AE83BF04}.Release|Any CPU.Build.0 = Release|Any CPU
		{9268BADF-54C8-46E0-9C0E-8987DB152939}.Debug|Any CPU.ActiveCfg = Debug|Any CPU
		{9268BADF-54C8-46E0-9C0E-8987DB152939}.Debug|Any CPU.Build.0 = Debug|Any CPU
		{9268BADF-54C8-46E0-9C0E-8987DB152939}.Release|Any CPU.ActiveCfg = Release|Any CPU
		{9268BADF-54C8-46E0-9C0E-8987DB152939}.Release|Any CPU.Build.0 = Release|Any CPU
	EndGlobalSection
	GlobalSection(SolutionProperties) = preSolution
		HideSolutionNode = FALSE
	EndGlobalSection
	GlobalSection(ExtensibilityGlobals) = postSolution
		SolutionGuid = {73271BDA-52F3-4DC9-A4BB-13EA1938A1E4}
	EndGlobalSection
EndGlobal
